
Microsoft Visual Studio Solution File, Format Version 12.00
# Visual Studio Version 16
VisualStudioVersion = 16.0.31105.61
MinimumVisualStudioVersion = 10.0.40219.1
Project("{FAE04EC0-301F-11D3-BF4B-00C04F79EFBC}") = "StringReversal", "StringReversal\StringReversal.csproj", "{8A89161B-F127-49DA-858A-6E09BEC548AA}"
EndProject
Global
	GlobalSection(SolutionConfigurationPlatforms) = preSolution
		Debug|Any CPU = Debug|Any CPU
		Release|Any CPU = Release|Any CPU
	EndGlobalSection
	GlobalSection(ProjectConfigurationPlatforms) = postSolution
		{8A89161B-F127-49DA-858A-6E09BEC548AA}.Debug|Any CPU.ActiveCfg = Debug|Any CPU
		{8A89161B-F127-49DA-858A-6E09BEC548AA}.Debug|Any CPU.Build.0 = Debug|Any CPU
		{8A89161B-F127-49DA-858A-6E09BEC548AA}.Release|Any CPU.ActiveCfg = Release|Any CPU
		{8A89161B-F127-49DA-858A-6E09BEC548AA}.Release|Any CPU.Build.0 = Release|Any CPU
	EndGlobalSection
	GlobalSection(SolutionProperties) = preSolution
		HideSolutionNode = FALSE
	EndGlobalSection
	GlobalSection(ExtensibilityGlobals) = postSolution
		SolutionGuid = {4AB91793-A3B0-4FE7-A9B3-9FA75B3F37C5}
	EndGlobalSection
EndGlobal
